
Microsoft Visual Studio Solution File, Format Version 12.00
# Visual Studio Version 17
VisualStudioVersion = 17.3.32901.215
MinimumVisualStudioVersion = 10.0.40219.1
Project("{8BC9CEB8-8B4A-11D0-8D11-00A0C91BC942}") = "lab 5.3", "lab 5.3\lab 5.3.vcxproj", "{FFB609AE-CE5D-4E10-B30A-808B68315E17}"
EndProject
Global
	GlobalSection(SolutionConfigurationPlatforms) = preSolution
		Debug|x64 = Debug|x64
		Debug|x86 = Debug|x86
		Release|x64 = Release|x64
		Release|x86 = Release|x86
	EndGlobalSection
	GlobalSection(ProjectConfigurationPlatforms) = postSolution
		{FFB609AE-CE5D-4E10-B30A-808B68315E17}.Debug|x64.ActiveCfg = Debug|x64
		{FFB609AE-CE5D-4E10-B30A-808B68315E17}.Debug|x64.Build.0 = Debug|x64
		{FFB609AE-CE5D-4E10-B30A-808B68315E17}.Debug|x86.ActiveCfg = Debug|Win32
		{FFB609AE-CE5D-4E10-B30A-808B68315E17}.Debug|x86.Build.0 = Debug|Win32
		{FFB609AE-CE5D-4E10-B30A-808B68315E17}.Release|x64.ActiveCfg = Release|x64
		{FFB609AE-CE5D-4E10-B30A-808B68315E17}.Release|x64.Build.0 = Release|x64
		{FFB609AE-CE5D-4E10-B30A-808B68315E17}.Release|x86.ActiveCfg = Release|Win32
		{FFB609AE-CE5D-4E10-B30A-808B68315E17}.Release|x86.Build.0 = Release|Win32
	EndGlobalSection
	GlobalSection(SolutionProperties) = preSolution
		HideSolutionNode = FALSE
	EndGlobalSection
	GlobalSection(ExtensibilityGlobals) = postSolution
		SolutionGuid = {711AFC6A-7B24-4E69-B971-F384A8CCE438}
	EndGlobalSection
EndGlobal
